// !$*UTF8*$!
{
	archiveVersion = 1;
	classes = {
	};
	objectVersion = 50;
	objects = {

/* Begin PBXBuildFile section */
		22A44EE826D3446700B9300A /* PulsationView.swift in Sources */ = {isa = PBXBuildFile; fileRef = 22A44EE726D3446700B9300A /* PulsationView.swift */; };
		D986684D26CF66C200557E80 /* Lega Watch WatchKit App.app in Embed Watch Content */ = {isa = PBXBuildFile; fileRef = D986684C26CF66C200557E80 /* Lega Watch WatchKit App.app */; settings = {ATTRIBUTES = (RemoveHeadersOnCopy, ); }; };
		D986685226CF66C500557E80 /* Assets.xcassets in Resources */ = {isa = PBXBuildFile; fileRef = D986685126CF66C500557E80 /* Assets.xcassets */; };
		D986685926CF66C500557E80 /* Lega Watch WatchKit Extension.appex in Embed App Extensions */ = {isa = PBXBuildFile; fileRef = D986685826CF66C500557E80 /* Lega Watch WatchKit Extension.appex */; settings = {ATTRIBUTES = (RemoveHeadersOnCopy, ); }; };
		D986685E26CF66C500557E80 /* Lega_WatchApp.swift in Sources */ = {isa = PBXBuildFile; fileRef = D986685D26CF66C500557E80 /* Lega_WatchApp.swift */; };
		D986686026CF66C500557E80 /* ContentView.swift in Sources */ = {isa = PBXBuildFile; fileRef = D986685F26CF66C500557E80 /* ContentView.swift */; };
		D986686226CF66C500557E80 /* NotificationController.swift in Sources */ = {isa = PBXBuildFile; fileRef = D986686126CF66C500557E80 /* NotificationController.swift */; };
		D986686426CF66C500557E80 /* NotificationView.swift in Sources */ = {isa = PBXBuildFile; fileRef = D986686326CF66C500557E80 /* NotificationView.swift */; };
		D986686626CF66C500557E80 /* ComplicationController.swift in Sources */ = {isa = PBXBuildFile; fileRef = D986686526CF66C500557E80 /* ComplicationController.swift */; };
		D986686826CF66C600557E80 /* Assets.xcassets in Resources */ = {isa = PBXBuildFile; fileRef = D986686726CF66C600557E80 /* Assets.xcassets */; };
		D986686B26CF66C600557E80 /* Preview Assets.xcassets in Resources */ = {isa = PBXBuildFile; fileRef = D986686A26CF66C600557E80 /* Preview Assets.xcassets */; };
		D986687D26CF689D00557E80 /* ModelData.swift in Sources */ = {isa = PBXBuildFile; fileRef = D986687C26CF689D00557E80 /* ModelData.swift */; };
		D986688126CF6E4B00557E80 /* LocationView.swift in Sources */ = {isa = PBXBuildFile; fileRef = D986688026CF6E4B00557E80 /* LocationView.swift */; };
		D986688326CF6E5B00557E80 /* LocationRow.swift in Sources */ = {isa = PBXBuildFile; fileRef = D986688226CF6E5B00557E80 /* LocationRow.swift */; };
		D986688526CF6E7200557E80 /* LocationPulsation.swift in Sources */ = {isa = PBXBuildFile; fileRef = D986688426CF6E7200557E80 /* LocationPulsation.swift */; };
		D986688726CF6E7F00557E80 /* LocationSummary.swift in Sources */ = {isa = PBXBuildFile; fileRef = D986688626CF6E7F00557E80 /* LocationSummary.swift */; };
		D986688926CF6E9700557E80 /* LocationDetailView.swift in Sources */ = {isa = PBXBuildFile; fileRef = D986688826CF6E9700557E80 /* LocationDetailView.swift */; };
/* End PBXBuildFile section */

/* Begin PBXContainerItemProxy section */
		D986684E26CF66C200557E80 /* PBXContainerItemProxy */ = {
			isa = PBXContainerItemProxy;
			containerPortal = D986684226CF66C200557E80 /* Project object */;
			proxyType = 1;
			remoteGlobalIDString = D986684B26CF66C200557E80;
			remoteInfo = "Lega Watch WatchKit App";
		};
		D986685A26CF66C500557E80 /* PBXContainerItemProxy */ = {
			isa = PBXContainerItemProxy;
			containerPortal = D986684226CF66C200557E80 /* Project object */;
			proxyType = 1;
			remoteGlobalIDString = D986685726CF66C500557E80;
			remoteInfo = "Lega Watch WatchKit Extension";
		};
/* End PBXContainerItemProxy section */

/* Begin PBXCopyFilesBuildPhase section */
		D986687326CF66C600557E80 /* Embed App Extensions */ = {
			isa = PBXCopyFilesBuildPhase;
			buildActionMask = 2147483647;
			dstPath = "";
			dstSubfolderSpec = 13;
			files = (
				D986685926CF66C500557E80 /* Lega Watch WatchKit Extension.appex in Embed App Extensions */,
			);
			name = "Embed App Extensions";
			runOnlyForDeploymentPostprocessing = 0;
		};
		D986687726CF66C600557E80 /* Embed Watch Content */ = {
			isa = PBXCopyFilesBuildPhase;
			buildActionMask = 2147483647;
			dstPath = "$(CONTENTS_FOLDER_PATH)/Watch";
			dstSubfolderSpec = 16;
			files = (
				D986684D26CF66C200557E80 /* Lega Watch WatchKit App.app in Embed Watch Content */,
			);
			name = "Embed Watch Content";
			runOnlyForDeploymentPostprocessing = 0;
		};
/* End PBXCopyFilesBuildPhase section */

/* Begin PBXFileReference section */
		22A44EE726D3446700B9300A /* PulsationView.swift */ = {isa = PBXFileReference; lastKnownFileType = sourcecode.swift; path = PulsationView.swift; sourceTree = "<group>"; };
		D986684826CF66C200557E80 /* Lega Watch.app */ = {isa = PBXFileReference; explicitFileType = wrapper.application; includeInIndex = 0; path = "Lega Watch.app"; sourceTree = BUILT_PRODUCTS_DIR; };
		D986684C26CF66C200557E80 /* Lega Watch WatchKit App.app */ = {isa = PBXFileReference; explicitFileType = wrapper.application; includeInIndex = 0; path = "Lega Watch WatchKit App.app"; sourceTree = BUILT_PRODUCTS_DIR; };
		D986685126CF66C500557E80 /* Assets.xcassets */ = {isa = PBXFileReference; lastKnownFileType = folder.assetcatalog; path = Assets.xcassets; sourceTree = "<group>"; };
		D986685326CF66C500557E80 /* Info.plist */ = {isa = PBXFileReference; lastKnownFileType = text.plist.xml; path = Info.plist; sourceTree = "<group>"; };
		D986685826CF66C500557E80 /* Lega Watch WatchKit Extension.appex */ = {isa = PBXFileReference; explicitFileType = "wrapper.app-extension"; includeInIndex = 0; path = "Lega Watch WatchKit Extension.appex"; sourceTree = BUILT_PRODUCTS_DIR; };
		D986685D26CF66C500557E80 /* Lega_WatchApp.swift */ = {isa = PBXFileReference; lastKnownFileType = sourcecode.swift; path = Lega_WatchApp.swift; sourceTree = "<group>"; };
		D986685F26CF66C500557E80 /* ContentView.swift */ = {isa = PBXFileReference; lastKnownFileType = sourcecode.swift; path = ContentView.swift; sourceTree = "<group>"; };
		D986686126CF66C500557E80 /* NotificationController.swift */ = {isa = PBXFileReference; lastKnownFileType = sourcecode.swift; path = NotificationController.swift; sourceTree = "<group>"; };
		D986686326CF66C500557E80 /* NotificationView.swift */ = {isa = PBXFileReference; lastKnownFileType = sourcecode.swift; path = NotificationView.swift; sourceTree = "<group>"; };
		D986686526CF66C500557E80 /* ComplicationController.swift */ = {isa = PBXFileReference; lastKnownFileType = sourcecode.swift; path = ComplicationController.swift; sourceTree = "<group>"; };
		D986686726CF66C600557E80 /* Assets.xcassets */ = {isa = PBXFileReference; lastKnownFileType = folder.assetcatalog; path = Assets.xcassets; sourceTree = "<group>"; };
		D986686A26CF66C600557E80 /* Preview Assets.xcassets */ = {isa = PBXFileReference; lastKnownFileType = folder.assetcatalog; path = "Preview Assets.xcassets"; sourceTree = "<group>"; };
		D986686C26CF66C600557E80 /* Info.plist */ = {isa = PBXFileReference; lastKnownFileType = text.plist.xml; path = Info.plist; sourceTree = "<group>"; };
		D986686D26CF66C600557E80 /* PushNotificationPayload.apns */ = {isa = PBXFileReference; lastKnownFileType = text; path = PushNotificationPayload.apns; sourceTree = "<group>"; };
		D986687C26CF689D00557E80 /* ModelData.swift */ = {isa = PBXFileReference; lastKnownFileType = sourcecode.swift; path = ModelData.swift; sourceTree = "<group>"; };
		D986688026CF6E4B00557E80 /* LocationView.swift */ = {isa = PBXFileReference; lastKnownFileType = sourcecode.swift; path = LocationView.swift; sourceTree = "<group>"; };
		D986688226CF6E5B00557E80 /* LocationRow.swift */ = {isa = PBXFileReference; lastKnownFileType = sourcecode.swift; path = LocationRow.swift; sourceTree = "<group>"; };
		D986688426CF6E7200557E80 /* LocationPulsation.swift */ = {isa = PBXFileReference; lastKnownFileType = sourcecode.swift; path = LocationPulsation.swift; sourceTree = "<group>"; };
		D986688626CF6E7F00557E80 /* LocationSummary.swift */ = {isa = PBXFileReference; lastKnownFileType = sourcecode.swift; path = LocationSummary.swift; sourceTree = "<group>"; };
		D986688826CF6E9700557E80 /* LocationDetailView.swift */ = {isa = PBXFileReference; lastKnownFileType = sourcecode.swift; path = LocationDetailView.swift; sourceTree = "<group>"; };
/* End PBXFileReference section */

/* Begin PBXFrameworksBuildPhase section */
		D986685526CF66C500557E80 /* Frameworks */ = {
			isa = PBXFrameworksBuildPhase;
			buildActionMask = 2147483647;
			files = (
			);
			runOnlyForDeploymentPostprocessing = 0;
		};
/* End PBXFrameworksBuildPhase section */

/* Begin PBXGroup section */
		D986684126CF66C200557E80 = {
			isa = PBXGroup;
			children = (
				D986685026CF66C200557E80 /* Lega Watch WatchKit App */,
				D986685C26CF66C500557E80 /* Lega Watch WatchKit Extension */,
				D986684926CF66C200557E80 /* Products */,
			);
			sourceTree = "<group>";
		};
		D986684926CF66C200557E80 /* Products */ = {
			isa = PBXGroup;
			children = (
				D986684826CF66C200557E80 /* Lega Watch.app */,
				D986684C26CF66C200557E80 /* Lega Watch WatchKit App.app */,
				D986685826CF66C500557E80 /* Lega Watch WatchKit Extension.appex */,
			);
			name = Products;
			sourceTree = "<group>";
		};
		D986685026CF66C200557E80 /* Lega Watch WatchKit App */ = {
			isa = PBXGroup;
			children = (
				D986685126CF66C500557E80 /* Assets.xcassets */,
				D986685326CF66C500557E80 /* Info.plist */,
			);
			path = "Lega Watch WatchKit App";
			sourceTree = "<group>";
		};
		D986685C26CF66C500557E80 /* Lega Watch WatchKit Extension */ = {
			isa = PBXGroup;
			children = (
				D986687F26CF6E2400557E80 /* Views */,
				D986685D26CF66C500557E80 /* Lega_WatchApp.swift */,
				D986685F26CF66C500557E80 /* ContentView.swift */,
				D986687B26CF687800557E80 /* Model */,
				D986686126CF66C500557E80 /* NotificationController.swift */,
				D986686326CF66C500557E80 /* NotificationView.swift */,
				D986686526CF66C500557E80 /* ComplicationController.swift */,
				D986686726CF66C600557E80 /* Assets.xcassets */,
				D986686C26CF66C600557E80 /* Info.plist */,
				D986686D26CF66C600557E80 /* PushNotificationPayload.apns */,
				D986686926CF66C600557E80 /* Preview Content */,
			);
			path = "Lega Watch WatchKit Extension";
			sourceTree = "<group>";
		};
		D986686926CF66C600557E80 /* Preview Content */ = {
			isa = PBXGroup;
			children = (
				D986686A26CF66C600557E80 /* Preview Assets.xcassets */,
			);
			path = "Preview Content";
			sourceTree = "<group>";
		};
		D986687B26CF687800557E80 /* Model */ = {
			isa = PBXGroup;
			children = (
				D986687C26CF689D00557E80 /* ModelData.swift */,
			);
			path = Model;
			sourceTree = "<group>";
		};
		D986687F26CF6E2400557E80 /* Views */ = {
			isa = PBXGroup;
			children = (
				D986688026CF6E4B00557E80 /* LocationView.swift */,
				D986688226CF6E5B00557E80 /* LocationRow.swift */,
				D986688426CF6E7200557E80 /* LocationPulsation.swift */,
				D986688626CF6E7F00557E80 /* LocationSummary.swift */,
				D986688826CF6E9700557E80 /* LocationDetailView.swift */,
				22A44EE726D3446700B9300A /* PulsationView.swift */,
			);
			path = Views;
			sourceTree = "<group>";
		};
/* End PBXGroup section */

/* Begin PBXNativeTarget section */
		D986684726CF66C200557E80 /* Lega Watch */ = {
			isa = PBXNativeTarget;
			buildConfigurationList = D986687826CF66C600557E80 /* Build configuration list for PBXNativeTarget "Lega Watch" */;
			buildPhases = (
				D986684626CF66C200557E80 /* Resources */,
				D986687726CF66C600557E80 /* Embed Watch Content */,
			);
			buildRules = (
			);
			dependencies = (
				D986684F26CF66C200557E80 /* PBXTargetDependency */,
			);
			name = "Lega Watch";
			productName = "Lega Watch";
			productReference = D986684826CF66C200557E80 /* Lega Watch.app */;
			productType = "com.apple.product-type.application.watchapp2-container";
		};
		D986684B26CF66C200557E80 /* Lega Watch WatchKit App */ = {
			isa = PBXNativeTarget;
			buildConfigurationList = D986687426CF66C600557E80 /* Build configuration list for PBXNativeTarget "Lega Watch WatchKit App" */;
			buildPhases = (
				D986684A26CF66C200557E80 /* Resources */,
				D986687326CF66C600557E80 /* Embed App Extensions */,
			);
			buildRules = (
			);
			dependencies = (
				D986685B26CF66C500557E80 /* PBXTargetDependency */,
			);
			name = "Lega Watch WatchKit App";
			productName = "Lega Watch WatchKit App";
			productReference = D986684C26CF66C200557E80 /* Lega Watch WatchKit App.app */;
			productType = "com.apple.product-type.application.watchapp2";
		};
		D986685726CF66C500557E80 /* Lega Watch WatchKit Extension */ = {
			isa = PBXNativeTarget;
			buildConfigurationList = D986687026CF66C600557E80 /* Build configuration list for PBXNativeTarget "Lega Watch WatchKit Extension" */;
			buildPhases = (
				D986685426CF66C500557E80 /* Sources */,
				D986685526CF66C500557E80 /* Frameworks */,
				D986685626CF66C500557E80 /* Resources */,
			);
			buildRules = (
			);
			dependencies = (
			);
			name = "Lega Watch WatchKit Extension";
			productName = "Lega Watch WatchKit Extension";
			productReference = D986685826CF66C500557E80 /* Lega Watch WatchKit Extension.appex */;
			productType = "com.apple.product-type.watchkit2-extension";
		};
/* End PBXNativeTarget section */

/* Begin PBXProject section */
		D986684226CF66C200557E80 /* Project object */ = {
			isa = PBXProject;
			attributes = {
				LastSwiftUpdateCheck = 1250;
				LastUpgradeCheck = 1250;
				TargetAttributes = {
					D986684726CF66C200557E80 = {
						CreatedOnToolsVersion = 12.5.1;
					};
					D986684B26CF66C200557E80 = {
						CreatedOnToolsVersion = 12.5.1;
					};
					D986685726CF66C500557E80 = {
						CreatedOnToolsVersion = 12.5.1;
					};
				};
			};
			buildConfigurationList = D986684526CF66C200557E80 /* Build configuration list for PBXProject "Lega Watch" */;
			compatibilityVersion = "Xcode 9.3";
			developmentRegion = en;
			hasScannedForEncodings = 0;
			knownRegions = (
				en,
				Base,
			);
			mainGroup = D986684126CF66C200557E80;
			productRefGroup = D986684926CF66C200557E80 /* Products */;
			projectDirPath = "";
			projectRoot = "";
			targets = (
				D986684726CF66C200557E80 /* Lega Watch */,
				D986684B26CF66C200557E80 /* Lega Watch WatchKit App */,
				D986685726CF66C500557E80 /* Lega Watch WatchKit Extension */,
			);
		};
/* End PBXProject section */

/* Begin PBXResourcesBuildPhase section */
		D986684626CF66C200557E80 /* Resources */ = {
			isa = PBXResourcesBuildPhase;
			buildActionMask = 2147483647;
			files = (
			);
			runOnlyForDeploymentPostprocessing = 0;
		};
		D986684A26CF66C200557E80 /* Resources */ = {
			isa = PBXResourcesBuildPhase;
			buildActionMask = 2147483647;
			files = (
				D986685226CF66C500557E80 /* Assets.xcassets in Resources */,
			);
			runOnlyForDeploymentPostprocessing = 0;
		};
		D986685626CF66C500557E80 /* Resources */ = {
			isa = PBXResourcesBuildPhase;
			buildActionMask = 2147483647;
			files = (
				D986686B26CF66C600557E80 /* Preview Assets.xcassets in Resources */,
				D986686826CF66C600557E80 /* Assets.xcassets in Resources */,
			);
			runOnlyForDeploymentPostprocessing = 0;
		};
/* End PBXResourcesBuildPhase section */

/* Begin PBXSourcesBuildPhase section */
		D986685426CF66C500557E80 /* Sources */ = {
			isa = PBXSourcesBuildPhase;
			buildActionMask = 2147483647;
			files = (
				22A44EE826D3446700B9300A /* PulsationView.swift in Sources */,
				D986686226CF66C500557E80 /* NotificationController.swift in Sources */,
				D986686026CF66C500557E80 /* ContentView.swift in Sources */,
				D986688926CF6E9700557E80 /* LocationDetailView.swift in Sources */,
				D986686626CF66C500557E80 /* ComplicationController.swift in Sources */,
				D986688526CF6E7200557E80 /* LocationPulsation.swift in Sources */,
				D986685E26CF66C500557E80 /* Lega_WatchApp.swift in Sources */,
				D986688126CF6E4B00557E80 /* LocationView.swift in Sources */,
				D986688326CF6E5B00557E80 /* LocationRow.swift in Sources */,
				D986686426CF66C500557E80 /* NotificationView.swift in Sources */,
				D986687D26CF689D00557E80 /* ModelData.swift in Sources */,
				D986688726CF6E7F00557E80 /* LocationSummary.swift in Sources */,
			);
			runOnlyForDeploymentPostprocessing = 0;
		};
/* End PBXSourcesBuildPhase section */

/* Begin PBXTargetDependency section */
		D986684F26CF66C200557E80 /* PBXTargetDependency */ = {
			isa = PBXTargetDependency;
			target = D986684B26CF66C200557E80 /* Lega Watch WatchKit App */;
			targetProxy = D986684E26CF66C200557E80 /* PBXContainerItemProxy */;
		};
		D986685B26CF66C500557E80 /* PBXTargetDependency */ = {
			isa = PBXTargetDependency;
			target = D986685726CF66C500557E80 /* Lega Watch WatchKit Extension */;
			targetProxy = D986685A26CF66C500557E80 /* PBXContainerItemProxy */;
		};
/* End PBXTargetDependency section */

/* Begin XCBuildConfiguration section */
		D986686E26CF66C600557E80 /* Debug */ = {
			isa = XCBuildConfiguration;
			buildSettings = {
				ALWAYS_SEARCH_USER_PATHS = NO;
				CLANG_ANALYZER_NONNULL = YES;
				CLANG_ANALYZER_NUMBER_OBJECT_CONVERSION = YES_AGGRESSIVE;
				CLANG_CXX_LANGUAGE_STANDARD = "gnu++14";
				CLANG_CXX_LIBRARY = "libc++";
				CLANG_ENABLE_MODULES = YES;
				CLANG_ENABLE_OBJC_ARC = YES;
				CLANG_ENABLE_OBJC_WEAK = YES;
				CLANG_WARN_BLOCK_CAPTURE_AUTORELEASING = YES;
				CLANG_WARN_BOOL_CONVERSION = YES;
				CLANG_WARN_COMMA = YES;
				CLANG_WARN_CONSTANT_CONVERSION = YES;
				CLANG_WARN_DEPRECATED_OBJC_IMPLEMENTATIONS = YES;
				CLANG_WARN_DIRECT_OBJC_ISA_USAGE = YES_ERROR;
				CLANG_WARN_DOCUMENTATION_COMMENTS = YES;
				CLANG_WARN_EMPTY_BODY = YES;
				CLANG_WARN_ENUM_CONVERSION = YES;
				CLANG_WARN_INFINITE_RECURSION = YES;
				CLANG_WARN_INT_CONVERSION = YES;
				CLANG_WARN_NON_LITERAL_NULL_CONVERSION = YES;
				CLANG_WARN_OBJC_IMPLICIT_RETAIN_SELF = YES;
				CLANG_WARN_OBJC_LITERAL_CONVERSION = YES;
				CLANG_WARN_OBJC_ROOT_CLASS = YES_ERROR;
				CLANG_WARN_QUOTED_INCLUDE_IN_FRAMEWORK_HEADER = YES;
				CLANG_WARN_RANGE_LOOP_ANALYSIS = YES;
				CLANG_WARN_STRICT_PROTOTYPES = YES;
				CLANG_WARN_SUSPICIOUS_MOVE = YES;
				CLANG_WARN_UNGUARDED_AVAILABILITY = YES_AGGRESSIVE;
				CLANG_WARN_UNREACHABLE_CODE = YES;
				CLANG_WARN__DUPLICATE_METHOD_MATCH = YES;
				COPY_PHASE_STRIP = NO;
				DEBUG_INFORMATION_FORMAT = dwarf;
				ENABLE_STRICT_OBJC_MSGSEND = YES;
				ENABLE_TESTABILITY = YES;
				GCC_C_LANGUAGE_STANDARD = gnu11;
				GCC_DYNAMIC_NO_PIC = NO;
				GCC_NO_COMMON_BLOCKS = YES;
				GCC_OPTIMIZATION_LEVEL = 0;
				GCC_PREPROCESSOR_DEFINITIONS = (
					"DEBUG=1",
					"$(inherited)",
				);
				GCC_WARN_64_TO_32_BIT_CONVERSION = YES;
				GCC_WARN_ABOUT_RETURN_TYPE = YES_ERROR;
				GCC_WARN_UNDECLARED_SELECTOR = YES;
				GCC_WARN_UNINITIALIZED_AUTOS = YES_AGGRESSIVE;
				GCC_WARN_UNUSED_FUNCTION = YES;
				GCC_WARN_UNUSED_VARIABLE = YES;
				MTL_ENABLE_DEBUG_INFO = INCLUDE_SOURCE;
				MTL_FAST_MATH = YES;
				ONLY_ACTIVE_ARCH = YES;
				SDKROOT = iphoneos;
				SWIFT_ACTIVE_COMPILATION_CONDITIONS = DEBUG;
				SWIFT_OPTIMIZATION_LEVEL = "-Onone";
			};
			name = Debug;
		};
		D986686F26CF66C600557E80 /* Release */ = {
			isa = XCBuildConfiguration;
			buildSettings = {
				ALWAYS_SEARCH_USER_PATHS = NO;
				CLANG_ANALYZER_NONNULL = YES;
				CLANG_ANALYZER_NUMBER_OBJECT_CONVERSION = YES_AGGRESSIVE;
				CLANG_CXX_LANGUAGE_STANDARD = "gnu++14";
				CLANG_CXX_LIBRARY = "libc++";
				CLANG_ENABLE_MODULES = YES;
				CLANG_ENABLE_OBJC_ARC = YES;
				CLANG_ENABLE_OBJC_WEAK = YES;
				CLANG_WARN_BLOCK_CAPTURE_AUTORELEASING = YES;
				CLANG_WARN_BOOL_CONVERSION = YES;
				CLANG_WARN_COMMA = YES;
				CLANG_WARN_CONSTANT_CONVERSION = YES;
				CLANG_WARN_DEPRECATED_OBJC_IMPLEMENTATIONS = YES;
				CLANG_WARN_DIRECT_OBJC_ISA_USAGE = YES_ERROR;
				CLANG_WARN_DOCUMENTATION_COMMENTS = YES;
				CLANG_WARN_EMPTY_BODY = YES;
				CLANG_WARN_ENUM_CONVERSION = YES;
				CLANG_WARN_INFINITE_RECURSION = YES;
				CLANG_WARN_INT_CONVERSION = YES;
				CLANG_WARN_NON_LITERAL_NULL_CONVERSION = YES;
				CLANG_WARN_OBJC_IMPLICIT_RETAIN_SELF = YES;
				CLANG_WARN_OBJC_LITERAL_CONVERSION = YES;
				CLANG_WARN_OBJC_ROOT_CLASS = YES_ERROR;
				CLANG_WARN_QUOTED_INCLUDE_IN_FRAMEWORK_HEADER = YES;
				CLANG_WARN_RANGE_LOOP_ANALYSIS = YES;
				CLANG_WARN_STRICT_PROTOTYPES = YES;
				CLANG_WARN_SUSPICIOUS_MOVE = YES;
				CLANG_WARN_UNGUARDED_AVAILABILITY = YES_AGGRESSIVE;
				CLANG_WARN_UNREACHABLE_CODE = YES;
				CLANG_WARN__DUPLICATE_METHOD_MATCH = YES;
				COPY_PHASE_STRIP = NO;
				DEBUG_INFORMATION_FORMAT = "dwarf-with-dsym";
				ENABLE_NS_ASSERTIONS = NO;
				ENABLE_STRICT_OBJC_MSGSEND = YES;
				GCC_C_LANGUAGE_STANDARD = gnu11;
				GCC_NO_COMMON_BLOCKS = YES;
				GCC_WARN_64_TO_32_BIT_CONVERSION = YES;
				GCC_WARN_ABOUT_RETURN_TYPE = YES_ERROR;
				GCC_WARN_UNDECLARED_SELECTOR = YES;
				GCC_WARN_UNINITIALIZED_AUTOS = YES_AGGRESSIVE;
				GCC_WARN_UNUSED_FUNCTION = YES;
				GCC_WARN_UNUSED_VARIABLE = YES;
				MTL_ENABLE_DEBUG_INFO = NO;
				MTL_FAST_MATH = YES;
				SDKROOT = iphoneos;
				SWIFT_COMPILATION_MODE = wholemodule;
				SWIFT_OPTIMIZATION_LEVEL = "-O";
				VALIDATE_PRODUCT = YES;
			};
			name = Release;
		};
		D986687126CF66C600557E80 /* Debug */ = {
			isa = XCBuildConfiguration;
			buildSettings = {
				ASSETCATALOG_COMPILER_COMPLICATION_NAME = Complication;
				CODE_SIGN_STYLE = Automatic;
				DEVELOPMENT_ASSET_PATHS = "\"Lega Watch WatchKit Extension/Preview Content\"";
				DEVELOPMENT_TEAM = Y6X9S45TDJ;
				ENABLE_PREVIEWS = YES;
				INFOPLIST_FILE = "Lega Watch WatchKit Extension/Info.plist";
				LD_RUNPATH_SEARCH_PATHS = (
					"$(inherited)",
					"@executable_path/Frameworks",
					"@executable_path/../../Frameworks",
				);
				PRODUCT_BUNDLE_IDENTIFIER = "com.ILB.Lega-Watch.watchkitapp.watchkitextension";
				PRODUCT_NAME = "${TARGET_NAME}";
				SDKROOT = watchos;
				SKIP_INSTALL = YES;
				SWIFT_VERSION = 5.0;
				TARGETED_DEVICE_FAMILY = 4;
				WATCHOS_DEPLOYMENT_TARGET = 7.4;
			};
			name = Debug;
		};
		D986687226CF66C600557E80 /* Release */ = {
			isa = XCBuildConfiguration;
			buildSettings = {
				ASSETCATALOG_COMPILER_COMPLICATION_NAME = Complication;
				CODE_SIGN_STYLE = Automatic;
				DEVELOPMENT_ASSET_PATHS = "\"Lega Watch WatchKit Extension/Preview Content\"";
				DEVELOPMENT_TEAM = Y6X9S45TDJ;
				ENABLE_PREVIEWS = YES;
				INFOPLIST_FILE = "Lega Watch WatchKit Extension/Info.plist";
				LD_RUNPATH_SEARCH_PATHS = (
					"$(inherited)",
					"@executable_path/Frameworks",
					"@executable_path/../../Frameworks",
				);
				PRODUCT_BUNDLE_IDENTIFIER = "com.ILB.Lega-Watch.watchkitapp.watchkitextension";
				PRODUCT_NAME = "${TARGET_NAME}";
				SDKROOT = watchos;
				SKIP_INSTALL = YES;
				SWIFT_VERSION = 5.0;
				TARGETED_DEVICE_FAMILY = 4;
				WATCHOS_DEPLOYMENT_TARGET = 7.4;
			};
			name = Release;
		};
		D986687526CF66C600557E80 /* Debug */ = {
			isa = XCBuildConfiguration;
			buildSettings = {
				ALWAYS_EMBED_SWIFT_STANDARD_LIBRARIES = YES;
				ASSETCATALOG_COMPILER_APPICON_NAME = AppIcon;
				ASSETCATALOG_COMPILER_GLOBAL_ACCENT_COLOR_NAME = AccentColor;
				CODE_SIGN_STYLE = Automatic;
				DEVELOPMENT_TEAM = Y6X9S45TDJ;
				IBSC_MODULE = Lega_Watch_WatchKit_Extension;
				INFOPLIST_FILE = "Lega Watch WatchKit App/Info.plist";
				PRODUCT_BUNDLE_IDENTIFIER = "com.ILB.Lega-Watch.watchkitapp";
				PRODUCT_NAME = "$(TARGET_NAME)";
				SDKROOT = watchos;
				SKIP_INSTALL = YES;
				SWIFT_VERSION = 5.0;
				TARGETED_DEVICE_FAMILY = 4;
				WATCHOS_DEPLOYMENT_TARGET = 7.4;
			};
			name = Debug;
		};
		D986687626CF66C600557E80 /* Release */ = {
			isa = XCBuildConfiguration;
			buildSettings = {
				ALWAYS_EMBED_SWIFT_STANDARD_LIBRARIES = YES;
				ASSETCATALOG_COMPILER_APPICON_NAME = AppIcon;
				ASSETCATALOG_COMPILER_GLOBAL_ACCENT_COLOR_NAME = AccentColor;
				CODE_SIGN_STYLE = Automatic;
				DEVELOPMENT_TEAM = Y6X9S45TDJ;
				IBSC_MODULE = Lega_Watch_WatchKit_Extension;
				INFOPLIST_FILE = "Lega Watch WatchKit App/Info.plist";
				PRODUCT_BUNDLE_IDENTIFIER = "com.ILB.Lega-Watch.watchkitapp";
				PRODUCT_NAME = "$(TARGET_NAME)";
				SDKROOT = watchos;
				SKIP_INSTALL = YES;
				SWIFT_VERSION = 5.0;
				TARGETED_DEVICE_FAMILY = 4;
				WATCHOS_DEPLOYMENT_TARGET = 7.4;
			};
			name = Release;
		};
		D986687926CF66C600557E80 /* Debug */ = {
			isa = XCBuildConfiguration;
			buildSettings = {
				CODE_SIGN_STYLE = Automatic;
				CURRENT_PROJECT_VERSION = 1;
				DEVELOPMENT_TEAM = Y6X9S45TDJ;
				MARKETING_VERSION = 1.0;
				PRODUCT_BUNDLE_IDENTIFIER = "com.ILB.Lega-Watch";
				PRODUCT_NAME = "$(TARGET_NAME)";
				SWIFT_VERSION = 5.0;
			};
			name = Debug;
		};
		D986687A26CF66C600557E80 /* Release */ = {
			isa = XCBuildConfiguration;
			buildSettings = {
				CODE_SIGN_STYLE = Automatic;
				CURRENT_PROJECT_VERSION = 1;
				DEVELOPMENT_TEAM = Y6X9S45TDJ;
				MARKETING_VERSION = 1.0;
				PRODUCT_BUNDLE_IDENTIFIER = "com.ILB.Lega-Watch";
				PRODUCT_NAME = "$(TARGET_NAME)";
				SWIFT_VERSION = 5.0;
			};
			name = Release;
		};
/* End XCBuildConfiguration section */

/* Begin XCConfigurationList section */
		D986684526CF66C200557E80 /* Build configuration list for PBXProject "Lega Watch" */ = {
			isa = XCConfigurationList;
			buildConfigurations = (
				D986686E26CF66C600557E80 /* Debug */,
				D986686F26CF66C600557E80 /* Release */,
			);
			defaultConfigurationIsVisible = 0;
			defaultConfigurationName = Release;
		};
		D986687026CF66C600557E80 /* Build configuration list for PBXNativeTarget "Lega Watch WatchKit Extension" */ = {
			isa = XCConfigurationList;
			buildConfigurations = (
				D986687126CF66C600557E80 /* Debug */,
				D986687226CF66C600557E80 /* Release */,
			);
			defaultConfigurationIsVisible = 0;
			defaultConfigurationName = Release;
		};
		D986687426CF66C600557E80 /* Build configuration list for PBXNativeTarget "Lega Watch WatchKit App" */ = {
			isa = XCConfigurationList;
			buildConfigurations = (
				D986687526CF66C600557E80 /* Debug */,
				D986687626CF66C600557E80 /* Release */,
			);
			defaultConfigurationIsVisible = 0;
			defaultConfigurationName = Release;
		};
		D986687826CF66C600557E80 /* Build configuration list for PBXNativeTarget "Lega Watch" */ = {
			isa = XCConfigurationList;
			buildConfigurations = (
				D986687926CF66C600557E80 /* Debug */,
				D986687A26CF66C600557E80 /* Release */,
			);
			defaultConfigurationIsVisible = 0;
			defaultConfigurationName = Release;
		};
/* End XCConfigurationList section */
	};
	rootObject = D986684226CF66C200557E80 /* Project object */;
}
